
Microsoft Visual Studio Solution File, Format Version 12.00
# Visual Studio Version 17
VisualStudioVersion = 17.2.32630.192
MinimumVisualStudioVersion = 10.0.40219.1
Project("{FAE04EC0-301F-11D3-BF4B-00C04F79EFBC}") = "ProcesadorCSV", "ProcesadorCSV\ProcesadorCSV.csproj", "{24538D1D-C974-4C6E-BA4B-771E6374E115}"
EndProject
Project("{FAE04EC0-301F-11D3-BF4B-00C04F79EFBC}") = "LibreriaSocios", "LibreriaSocios\LibreriaSocios.csproj", "{66B385EE-9E80-4BD4-BE55-E582FE72BA29}"
EndProject
Global
	GlobalSection(SolutionConfigurationPlatforms) = preSolution
		Debug|Any CPU = Debug|Any CPU
		Release|Any CPU = Release|Any CPU
	EndGlobalSection
	GlobalSection(ProjectConfigurationPlatforms) = postSolution
		{24538D1D-C974-4C6E-BA4B-771E6374E115}.Debug|Any CPU.ActiveCfg = Debug|Any CPU
		{24538D1D-C974-4C6E-BA4B-771E6374E115}.Debug|Any CPU.Build.0 = Debug|Any CPU
		{24538D1D-C974-4C6E-BA4B-771E6374E115}.Release|Any CPU.ActiveCfg = Release|Any CPU
		{24538D1D-C974-4C6E-BA4B-771E6374E115}.Release|Any CPU.Build.0 = Release|Any CPU
		{66B385EE-9E80-4BD4-BE55-E582FE72BA29}.Debug|Any CPU.ActiveCfg = Debug|Any CPU
		{66B385EE-9E80-4BD4-BE55-E582FE72BA29}.Debug|Any CPU.Build.0 = Debug|Any CPU
		{66B385EE-9E80-4BD4-BE55-E582FE72BA29}.Release|Any CPU.ActiveCfg = Release|Any CPU
		{66B385EE-9E80-4BD4-BE55-E582FE72BA29}.Release|Any CPU.Build.0 = Release|Any CPU
	EndGlobalSection
	GlobalSection(SolutionProperties) = preSolution
		HideSolutionNode = FALSE
	EndGlobalSection
	GlobalSection(ExtensibilityGlobals) = postSolution
		SolutionGuid = {D26DB6D4-22EC-4814-BA91-1B30773D2236}
	EndGlobalSection
EndGlobal
